
Microsoft Visual Studio Solution File, Format Version 11.00
# Visual Studio 2010
Project("{FAE04EC0-301F-11D3-BF4B-00C04F79EFBC}") = "Gtp.Global.ICM.Ui", "Gtp.Global.ICM.Ui\Gtp.Global.ICM.Ui.csproj", "{5667BBDD-ADB3-4D2D-8B16-A6346E6CCFD0}"
EndProject
Global
	GlobalSection(SolutionConfigurationPlatforms) = preSolution
		Debug|Any CPU = Debug|Any CPU
		Release|Any CPU = Release|Any CPU
	EndGlobalSection
	GlobalSection(ProjectConfigurationPlatforms) = postSolution
		{5667BBDD-ADB3-4D2D-8B16-A6346E6CCFD0}.Debug|Any CPU.ActiveCfg = Debug|Any CPU
		{5667BBDD-ADB3-4D2D-8B16-A6346E6CCFD0}.Debug|Any CPU.Build.0 = Debug|Any CPU
		{5667BBDD-ADB3-4D2D-8B16-A6346E6CCFD0}.Release|Any CPU.ActiveCfg = Release|Any CPU
		{5667BBDD-ADB3-4D2D-8B16-A6346E6CCFD0}.Release|Any CPU.Build.0 = Release|Any CPU
	EndGlobalSection
	GlobalSection(SolutionProperties) = preSolution
		HideSolutionNode = FALSE
	EndGlobalSection
EndGlobal
